
Microsoft Visual Studio Solution File, Format Version 12.00
# Visual Studio 2013
VisualStudioVersion = 12.0.40629.0
MinimumVisualStudioVersion = 10.0.40219.1
Project("{FAE04EC0-301F-11D3-BF4B-00C04F79EFBC}") = "PortakalBilisim", "PortakalBilisim\PortakalBilisim.csproj", "{8C40553F-294C-4B18-B921-C9174FC8E6D0}"
EndProject
Project("{FAE04EC0-301F-11D3-BF4B-00C04F79EFBC}") = "ProjectModel", "ProjectModel\ProjectModel.csproj", "{2E22A934-87E9-4947-A747-DAFD3A004258}"
EndProject
Project("{FAE04EC0-301F-11D3-BF4B-00C04F79EFBC}") = "ProjectRepository", "ProjectRepository\ProjectRepository.csproj", "{3C8B7BF1-EB92-4115-8634-8962A9D35A98}"
EndProject
Global
	GlobalSection(SolutionConfigurationPlatforms) = preSolution
		Debug|Any CPU = Debug|Any CPU
		Release|Any CPU = Release|Any CPU
	EndGlobalSection
	GlobalSection(ProjectConfigurationPlatforms) = postSolution
		{8C40553F-294C-4B18-B921-C9174FC8E6D0}.Debug|Any CPU.ActiveCfg = Debug|Any CPU
		{8C40553F-294C-4B18-B921-C9174FC8E6D0}.Debug|Any CPU.Build.0 = Debug|Any CPU
		{8C40553F-294C-4B18-B921-C9174FC8E6D0}.Release|Any CPU.ActiveCfg = Release|Any CPU
		{8C40553F-294C-4B18-B921-C9174FC8E6D0}.Release|Any CPU.Build.0 = Release|Any CPU
		{2E22A934-87E9-4947-A747-DAFD3A004258}.Debug|Any CPU.ActiveCfg = Debug|Any CPU
		{2E22A934-87E9-4947-A747-DAFD3A004258}.Debug|Any CPU.Build.0 = Debug|Any CPU
		{2E22A934-87E9-4947-A747-DAFD3A004258}.Release|Any CPU.ActiveCfg = Release|Any CPU
		{2E22A934-87E9-4947-A747-DAFD3A004258}.Release|Any CPU.Build.0 = Release|Any CPU
		{3C8B7BF1-EB92-4115-8634-8962A9D35A98}.Debug|Any CPU.ActiveCfg = Debug|Any CPU
		{3C8B7BF1-EB92-4115-8634-8962A9D35A98}.Debug|Any CPU.Build.0 = Debug|Any CPU
		{3C8B7BF1-EB92-4115-8634-8962A9D35A98}.Release|Any CPU.ActiveCfg = Release|Any CPU
		{3C8B7BF1-EB92-4115-8634-8962A9D35A98}.Release|Any CPU.Build.0 = Release|Any CPU
	EndGlobalSection
	GlobalSection(SolutionProperties) = preSolution
		HideSolutionNode = FALSE
	EndGlobalSection
EndGlobal
